// !$*UTF8*$!
{
	archiveVersion = 1;
	classes = {
	};
	objectVersion = 50;
	objects = {

/* Begin PBXBuildFile section */
		B927C4BF275AE60A0004C5E6 /* AppDelegate.swift in Sources */ = {isa = PBXBuildFile; fileRef = B927C4BE275AE60A0004C5E6 /* AppDelegate.swift */; };
		B927C4C1275AE60A0004C5E6 /* SceneDelegate.swift in Sources */ = {isa = PBXBuildFile; fileRef = B927C4C0275AE60A0004C5E6 /* SceneDelegate.swift */; };
		B927C4C6275AE60A0004C5E6 /* Main.storyboard in Resources */ = {isa = PBXBuildFile; fileRef = B927C4C4275AE60A0004C5E6 /* Main.storyboard */; };
		B927C4C9275AE60A0004C5E6 /* Moviez.xcdatamodeld in Sources */ = {isa = PBXBuildFile; fileRef = B927C4C7275AE60A0004C5E6 /* Moviez.xcdatamodeld */; };
		B927C4CB275AE60D0004C5E6 /* Assets.xcassets in Resources */ = {isa = PBXBuildFile; fileRef = B927C4CA275AE60D0004C5E6 /* Assets.xcassets */; };
		B927C4CE275AE60D0004C5E6 /* LaunchScreen.storyboard in Resources */ = {isa = PBXBuildFile; fileRef = B927C4CC275AE60D0004C5E6 /* LaunchScreen.storyboard */; };
		B927C4D7275AEF850004C5E6 /* SearchModel.swift in Sources */ = {isa = PBXBuildFile; fileRef = B927C4D6275AEF850004C5E6 /* SearchModel.swift */; };
		B927C4D9275AF17E0004C5E6 /* DetailModel.swift in Sources */ = {isa = PBXBuildFile; fileRef = B927C4D8275AF17E0004C5E6 /* DetailModel.swift */; };
		B927C4DD275AF49B0004C5E6 /* MovieTVCell.swift in Sources */ = {isa = PBXBuildFile; fileRef = B927C4DC275AF49B0004C5E6 /* MovieTVCell.swift */; };
		B927C4DF275AF83A0004C5E6 /* BookmarksTVC.swift in Sources */ = {isa = PBXBuildFile; fileRef = B927C4DE275AF83A0004C5E6 /* BookmarksTVC.swift */; };
		B927C4E1275AF9380004C5E6 /* Constants.swift in Sources */ = {isa = PBXBuildFile; fileRef = B927C4E0275AF9380004C5E6 /* Constants.swift */; };
		B927C4E3275AF9D70004C5E6 /* SearchHelper.swift in Sources */ = {isa = PBXBuildFile; fileRef = B927C4E2275AF9D70004C5E6 /* SearchHelper.swift */; };
		B927C4E5275AFC070004C5E6 /* DetailHelper.swift in Sources */ = {isa = PBXBuildFile; fileRef = B927C4E4275AFC070004C5E6 /* DetailHelper.swift */; };
		B927C4E9275AFECF0004C5E6 /* SearchVC.swift in Sources */ = {isa = PBXBuildFile; fileRef = B927C4E8275AFECF0004C5E6 /* SearchVC.swift */; };
		B927C4EB275AFEF60004C5E6 /* DetailVC.swift in Sources */ = {isa = PBXBuildFile; fileRef = B927C4EA275AFEF60004C5E6 /* DetailVC.swift */; };
		B927C4ED275AFF2E0004C5E6 /* SettingsVC.swift in Sources */ = {isa = PBXBuildFile; fileRef = B927C4EC275AFF2E0004C5E6 /* SettingsVC.swift */; };
		B927C4EF275AFF440004C5E6 /* WebViewVC.swift in Sources */ = {isa = PBXBuildFile; fileRef = B927C4EE275AFF440004C5E6 /* WebViewVC.swift */; };
		B9427505275B67DA00D2153F /* ImageHelper.swift in Sources */ = {isa = PBXBuildFile; fileRef = B9427504275B67DA00D2153F /* ImageHelper.swift */; };
		B97D5AB1275B421A001ADDB6 /* PosterCVCell.swift in Sources */ = {isa = PBXBuildFile; fileRef = B97D5AB0275B421A001ADDB6 /* PosterCVCell.swift */; };
		B97D5AB3275B4362001ADDB6 /* ExploreCVC.swift in Sources */ = {isa = PBXBuildFile; fileRef = B97D5AB2275B4362001ADDB6 /* ExploreCVC.swift */; };
		B98CE784275B05C300CD284C /* SwiftyJSON.swift in Sources */ = {isa = PBXBuildFile; fileRef = B98CE783275B05C300CD284C /* SwiftyJSON.swift */; };
		B98CE786275B064200CD284C /* Movies.json in Resources */ = {isa = PBXBuildFile; fileRef = B98CE785275B064100CD284C /* Movies.json */; };
		B9D00487275BC3260011FF0A /* TypeEnum.swift in Sources */ = {isa = PBXBuildFile; fileRef = B9D00486275BC3260011FF0A /* TypeEnum.swift */; };
/* End PBXBuildFile section */

/* Begin PBXFileReference section */
		B927C4BB275AE60A0004C5E6 /* Moviez.app */ = {isa = PBXFileReference; explicitFileType = wrapper.application; includeInIndex = 0; path = Moviez.app; sourceTree = BUILT_PRODUCTS_DIR; };
		B927C4BE275AE60A0004C5E6 /* AppDelegate.swift */ = {isa = PBXFileReference; lastKnownFileType = sourcecode.swift; path = AppDelegate.swift; sourceTree = "<group>"; };
		B927C4C0275AE60A0004C5E6 /* SceneDelegate.swift */ = {isa = PBXFileReference; lastKnownFileType = sourcecode.swift; path = SceneDelegate.swift; sourceTree = "<group>"; };
		B927C4C5275AE60A0004C5E6 /* Base */ = {isa = PBXFileReference; lastKnownFileType = file.storyboard; name = Base; path = Base.lproj/Main.storyboard; sourceTree = "<group>"; };
		B927C4C8275AE60A0004C5E6 /* Moviez.xcdatamodel */ = {isa = PBXFileReference; lastKnownFileType = wrapper.xcdatamodel; path = Moviez.xcdatamodel; sourceTree = "<group>"; };
		B927C4CA275AE60D0004C5E6 /* Assets.xcassets */ = {isa = PBXFileReference; lastKnownFileType = folder.assetcatalog; path = Assets.xcassets; sourceTree = "<group>"; };
		B927C4CD275AE60D0004C5E6 /* Base */ = {isa = PBXFileReference; lastKnownFileType = file.storyboard; name = Base; path = Base.lproj/LaunchScreen.storyboard; sourceTree = "<group>"; };
		B927C4CF275AE60D0004C5E6 /* Info.plist */ = {isa = PBXFileReference; lastKnownFileType = text.plist.xml; path = Info.plist; sourceTree = "<group>"; };
		B927C4D6275AEF850004C5E6 /* SearchModel.swift */ = {isa = PBXFileReference; lastKnownFileType = sourcecode.swift; path = SearchModel.swift; sourceTree = "<group>"; };
		B927C4D8275AF17E0004C5E6 /* DetailModel.swift */ = {isa = PBXFileReference; lastKnownFileType = sourcecode.swift; path = DetailModel.swift; sourceTree = "<group>"; };
		B927C4DC275AF49B0004C5E6 /* MovieTVCell.swift */ = {isa = PBXFileReference; lastKnownFileType = sourcecode.swift; path = MovieTVCell.swift; sourceTree = "<group>"; };
		B927C4DE275AF83A0004C5E6 /* BookmarksTVC.swift */ = {isa = PBXFileReference; lastKnownFileType = sourcecode.swift; path = BookmarksTVC.swift; sourceTree = "<group>"; };
		B927C4E0275AF9380004C5E6 /* Constants.swift */ = {isa = PBXFileReference; lastKnownFileType = sourcecode.swift; path = Constants.swift; sourceTree = "<group>"; };
		B927C4E2275AF9D70004C5E6 /* SearchHelper.swift */ = {isa = PBXFileReference; lastKnownFileType = sourcecode.swift; path = SearchHelper.swift; sourceTree = "<group>"; };
		B927C4E4275AFC070004C5E6 /* DetailHelper.swift */ = {isa = PBXFileReference; lastKnownFileType = sourcecode.swift; path = DetailHelper.swift; sourceTree = "<group>"; };
		B927C4E8275AFECF0004C5E6 /* SearchVC.swift */ = {isa = PBXFileReference; lastKnownFileType = sourcecode.swift; path = SearchVC.swift; sourceTree = "<group>"; };
		B927C4EA275AFEF60004C5E6 /* DetailVC.swift */ = {isa = PBXFileReference; lastKnownFileType = sourcecode.swift; path = DetailVC.swift; sourceTree = "<group>"; };
		B927C4EC275AFF2E0004C5E6 /* SettingsVC.swift */ = {isa = PBXFileReference; lastKnownFileType = sourcecode.swift; path = SettingsVC.swift; sourceTree = "<group>"; };
		B927C4EE275AFF440004C5E6 /* WebViewVC.swift */ = {isa = PBXFileReference; lastKnownFileType = sourcecode.swift; path = WebViewVC.swift; sourceTree = "<group>"; };
		B9427504275B67DA00D2153F /* ImageHelper.swift */ = {isa = PBXFileReference; lastKnownFileType = sourcecode.swift; path = ImageHelper.swift; sourceTree = "<group>"; };
		B97D5AB0275B421A001ADDB6 /* PosterCVCell.swift */ = {isa = PBXFileReference; lastKnownFileType = sourcecode.swift; path = PosterCVCell.swift; sourceTree = "<group>"; };
		B97D5AB2275B4362001ADDB6 /* ExploreCVC.swift */ = {isa = PBXFileReference; lastKnownFileType = sourcecode.swift; path = ExploreCVC.swift; sourceTree = "<group>"; };
		B98CE783275B05C300CD284C /* SwiftyJSON.swift */ = {isa = PBXFileReference; lastKnownFileType = sourcecode.swift; path = SwiftyJSON.swift; sourceTree = "<group>"; };
		B98CE785275B064100CD284C /* Movies.json */ = {isa = PBXFileReference; fileEncoding = 4; lastKnownFileType = text.json; path = Movies.json; sourceTree = "<group>"; };
		B9D00486275BC3260011FF0A /* TypeEnum.swift */ = {isa = PBXFileReference; lastKnownFileType = sourcecode.swift; path = TypeEnum.swift; sourceTree = "<group>"; };
/* End PBXFileReference section */

/* Begin PBXFrameworksBuildPhase section */
		B927C4B8275AE60A0004C5E6 /* Frameworks */ = {
			isa = PBXFrameworksBuildPhase;
			buildActionMask = 2147483647;
			files = (
			);
			runOnlyForDeploymentPostprocessing = 0;
		};
/* End PBXFrameworksBuildPhase section */

/* Begin PBXGroup section */
		B927C4B2275AE60A0004C5E6 = {
			isa = PBXGroup;
			children = (
				B927C4BD275AE60A0004C5E6 /* Moviez */,
				B927C4BC275AE60A0004C5E6 /* Products */,
			);
			sourceTree = "<group>";
		};
		B927C4BC275AE60A0004C5E6 /* Products */ = {
			isa = PBXGroup;
			children = (
				B927C4BB275AE60A0004C5E6 /* Moviez.app */,
			);
			name = Products;
			sourceTree = "<group>";
		};
		B927C4BD275AE60A0004C5E6 /* Moviez */ = {
			isa = PBXGroup;
			children = (
				B97D5AB2275B4362001ADDB6 /* ExploreCVC.swift */,
				B97D5AB0275B421A001ADDB6 /* PosterCVCell.swift */,
				B927C4E8275AFECF0004C5E6 /* SearchVC.swift */,
				B927C4EA275AFEF60004C5E6 /* DetailVC.swift */,
				B927C4DE275AF83A0004C5E6 /* BookmarksTVC.swift */,
				B927C4DC275AF49B0004C5E6 /* MovieTVCell.swift */,
				B927C4EE275AFF440004C5E6 /* WebViewVC.swift */,
				B927C4EC275AFF2E0004C5E6 /* SettingsVC.swift */,
				B927C4BE275AE60A0004C5E6 /* AppDelegate.swift */,
				B927C4C0275AE60A0004C5E6 /* SceneDelegate.swift */,
				B927C4E0275AF9380004C5E6 /* Constants.swift */,
				B9427504275B67DA00D2153F /* ImageHelper.swift */,
				B9D00486275BC3260011FF0A /* TypeEnum.swift */,
				B98CE783275B05C300CD284C /* SwiftyJSON.swift */,
				B98CE785275B064100CD284C /* Movies.json */,
				B927C4D5275AEF400004C5E6 /* OMDb API */,
				B927C4C4275AE60A0004C5E6 /* Main.storyboard */,
				B927C4CA275AE60D0004C5E6 /* Assets.xcassets */,
				B927C4CC275AE60D0004C5E6 /* LaunchScreen.storyboard */,
				B927C4CF275AE60D0004C5E6 /* Info.plist */,
				B927C4C7275AE60A0004C5E6 /* Moviez.xcdatamodeld */,
			);
			path = Moviez;
			sourceTree = "<group>";
		};
		B927C4D5275AEF400004C5E6 /* OMDb API */ = {
			isa = PBXGroup;
			children = (
				B927C4D6275AEF850004C5E6 /* SearchModel.swift */,
				B927C4E2275AF9D70004C5E6 /* SearchHelper.swift */,
				B927C4D8275AF17E0004C5E6 /* DetailModel.swift */,
				B927C4E4275AFC070004C5E6 /* DetailHelper.swift */,
			);
			path = "OMDb API";
			sourceTree = "<group>";
		};
/* End PBXGroup section */

/* Begin PBXNativeTarget section */
		B927C4BA275AE60A0004C5E6 /* Moviez */ = {
			isa = PBXNativeTarget;
			buildConfigurationList = B927C4D2275AE60E0004C5E6 /* Build configuration list for PBXNativeTarget "Moviez" */;
			buildPhases = (
				B927C4B7275AE60A0004C5E6 /* Sources */,
				B927C4B8275AE60A0004C5E6 /* Frameworks */,
				B927C4B9275AE60A0004C5E6 /* Resources */,
			);
			buildRules = (
			);
			dependencies = (
			);
			name = Moviez;
			productName = Moviez;
			productReference = B927C4BB275AE60A0004C5E6 /* Moviez.app */;
			productType = "com.apple.product-type.application";
		};
/* End PBXNativeTarget section */

/* Begin PBXProject section */
		B927C4B3275AE60A0004C5E6 /* Project object */ = {
			isa = PBXProject;
			attributes = {
				LastSwiftUpdateCheck = 1250;
				LastUpgradeCheck = 1250;
				TargetAttributes = {
					B927C4BA275AE60A0004C5E6 = {
						CreatedOnToolsVersion = 12.5.1;
					};
				};
			};
			buildConfigurationList = B927C4B6275AE60A0004C5E6 /* Build configuration list for PBXProject "Moviez" */;
			compatibilityVersion = "Xcode 9.3";
			developmentRegion = en;
			hasScannedForEncodings = 0;
			knownRegions = (
				en,
				Base,
			);
			mainGroup = B927C4B2275AE60A0004C5E6;
			productRefGroup = B927C4BC275AE60A0004C5E6 /* Products */;
			projectDirPath = "";
			projectRoot = "";
			targets = (
				B927C4BA275AE60A0004C5E6 /* Moviez */,
			);
		};
/* End PBXProject section */

/* Begin PBXResourcesBuildPhase section */
		B927C4B9275AE60A0004C5E6 /* Resources */ = {
			isa = PBXResourcesBuildPhase;
			buildActionMask = 2147483647;
			files = (
				B98CE786275B064200CD284C /* Movies.json in Resources */,
				B927C4CE275AE60D0004C5E6 /* LaunchScreen.storyboard in Resources */,
				B927C4CB275AE60D0004C5E6 /* Assets.xcassets in Resources */,
				B927C4C6275AE60A0004C5E6 /* Main.storyboard in Resources */,
			);
			runOnlyForDeploymentPostprocessing = 0;
		};
/* End PBXResourcesBuildPhase section */

/* Begin PBXSourcesBuildPhase section */
		B927C4B7275AE60A0004C5E6 /* Sources */ = {
			isa = PBXSourcesBuildPhase;
			buildActionMask = 2147483647;
			files = (
				B927C4E9275AFECF0004C5E6 /* SearchVC.swift in Sources */,
				B9D00487275BC3260011FF0A /* TypeEnum.swift in Sources */,
				B927C4E5275AFC070004C5E6 /* DetailHelper.swift in Sources */,
				B97D5AB3275B4362001ADDB6 /* ExploreCVC.swift in Sources */,
				B927C4EB275AFEF60004C5E6 /* DetailVC.swift in Sources */,
				B927C4D9275AF17E0004C5E6 /* DetailModel.swift in Sources */,
				B927C4C9275AE60A0004C5E6 /* Moviez.xcdatamodeld in Sources */,
				B927C4EF275AFF440004C5E6 /* WebViewVC.swift in Sources */,
				B927C4DF275AF83A0004C5E6 /* BookmarksTVC.swift in Sources */,
				B927C4BF275AE60A0004C5E6 /* AppDelegate.swift in Sources */,
				B927C4E3275AF9D70004C5E6 /* SearchHelper.swift in Sources */,
				B97D5AB1275B421A001ADDB6 /* PosterCVCell.swift in Sources */,
				B9427505275B67DA00D2153F /* ImageHelper.swift in Sources */,
				B927C4D7275AEF850004C5E6 /* SearchModel.swift in Sources */,
				B98CE784275B05C300CD284C /* SwiftyJSON.swift in Sources */,
				B927C4DD275AF49B0004C5E6 /* MovieTVCell.swift in Sources */,
				B927C4C1275AE60A0004C5E6 /* SceneDelegate.swift in Sources */,
				B927C4E1275AF9380004C5E6 /* Constants.swift in Sources */,
				B927C4ED275AFF2E0004C5E6 /* SettingsVC.swift in Sources */,
			);
			runOnlyForDeploymentPostprocessing = 0;
		};
/* End PBXSourcesBuildPhase section */

/* Begin PBXVariantGroup section */
		B927C4C4275AE60A0004C5E6 /* Main.storyboard */ = {
			isa = PBXVariantGroup;
			children = (
				B927C4C5275AE60A0004C5E6 /* Base */,
			);
			name = Main.storyboard;
			sourceTree = "<group>";
		};
		B927C4CC275AE60D0004C5E6 /* LaunchScreen.storyboard */ = {
			isa = PBXVariantGroup;
			children = (
				B927C4CD275AE60D0004C5E6 /* Base */,
			);
			name = LaunchScreen.storyboard;
			sourceTree = "<group>";
		};
/* End PBXVariantGroup section */

/* Begin XCBuildConfiguration section */
		B927C4D0275AE60D0004C5E6 /* Debug */ = {
			isa = XCBuildConfiguration;
			buildSettings = {
				ALWAYS_SEARCH_USER_PATHS = NO;
				CLANG_ANALYZER_NONNULL = YES;
				CLANG_ANALYZER_NUMBER_OBJECT_CONVERSION = YES_AGGRESSIVE;
				CLANG_CXX_LANGUAGE_STANDARD = "gnu++14";
				CLANG_CXX_LIBRARY = "libc++";
				CLANG_ENABLE_MODULES = YES;
				CLANG_ENABLE_OBJC_ARC = YES;
				CLANG_ENABLE_OBJC_WEAK = YES;
				CLANG_WARN_BLOCK_CAPTURE_AUTORELEASING = YES;
				CLANG_WARN_BOOL_CONVERSION = YES;
				CLANG_WARN_COMMA = YES;
				CLANG_WARN_CONSTANT_CONVERSION = YES;
				CLANG_WARN_DEPRECATED_OBJC_IMPLEMENTATIONS = YES;
				CLANG_WARN_DIRECT_OBJC_ISA_USAGE = YES_ERROR;
				CLANG_WARN_DOCUMENTATION_COMMENTS = YES;
				CLANG_WARN_EMPTY_BODY = YES;
				CLANG_WARN_ENUM_CONVERSION = YES;
				CLANG_WARN_INFINITE_RECURSION = YES;
				CLANG_WARN_INT_CONVERSION = YES;
				CLANG_WARN_NON_LITERAL_NULL_CONVERSION = YES;
				CLANG_WARN_OBJC_IMPLICIT_RETAIN_SELF = YES;
				CLANG_WARN_OBJC_LITERAL_CONVERSION = YES;
				CLANG_WARN_OBJC_ROOT_CLASS = YES_ERROR;
				CLANG_WARN_QUOTED_INCLUDE_IN_FRAMEWORK_HEADER = YES;
				CLANG_WARN_RANGE_LOOP_ANALYSIS = YES;
				CLANG_WARN_STRICT_PROTOTYPES = YES;
				CLANG_WARN_SUSPICIOUS_MOVE = YES;
				CLANG_WARN_UNGUARDED_AVAILABILITY = YES_AGGRESSIVE;
				CLANG_WARN_UNREACHABLE_CODE = YES;
				CLANG_WARN__DUPLICATE_METHOD_MATCH = YES;
				COPY_PHASE_STRIP = NO;
				DEBUG_INFORMATION_FORMAT = dwarf;
				ENABLE_STRICT_OBJC_MSGSEND = YES;
				ENABLE_TESTABILITY = YES;
				GCC_C_LANGUAGE_STANDARD = gnu11;
				GCC_DYNAMIC_NO_PIC = NO;
				GCC_NO_COMMON_BLOCKS = YES;
				GCC_OPTIMIZATION_LEVEL = 0;
				GCC_PREPROCESSOR_DEFINITIONS = (
					"DEBUG=1",
					"$(inherited)",
				);
				GCC_WARN_64_TO_32_BIT_CONVERSION = YES;
				GCC_WARN_ABOUT_RETURN_TYPE = YES_ERROR;
				GCC_WARN_UNDECLARED_SELECTOR = YES;
				GCC_WARN_UNINITIALIZED_AUTOS = YES_AGGRESSIVE;
				GCC_WARN_UNUSED_FUNCTION = YES;
				GCC_WARN_UNUSED_VARIABLE = YES;
				IPHONEOS_DEPLOYMENT_TARGET = 14.5;
				MTL_ENABLE_DEBUG_INFO = INCLUDE_SOURCE;
				MTL_FAST_MATH = YES;
				ONLY_ACTIVE_ARCH = YES;
				SDKROOT = iphoneos;
				SWIFT_ACTIVE_COMPILATION_CONDITIONS = DEBUG;
				SWIFT_OPTIMIZATION_LEVEL = "-Onone";
			};
			name = Debug;
		};
		B927C4D1275AE60D0004C5E6 /* Release */ = {
			isa = XCBuildConfiguration;
			buildSettings = {
				ALWAYS_SEARCH_USER_PATHS = NO;
				CLANG_ANALYZER_NONNULL = YES;
				CLANG_ANALYZER_NUMBER_OBJECT_CONVERSION = YES_AGGRESSIVE;
				CLANG_CXX_LANGUAGE_STANDARD = "gnu++14";
				CLANG_CXX_LIBRARY = "libc++";
				CLANG_ENABLE_MODULES = YES;
				CLANG_ENABLE_OBJC_ARC = YES;
				CLANG_ENABLE_OBJC_WEAK = YES;
				CLANG_WARN_BLOCK_CAPTURE_AUTORELEASING = YES;
				CLANG_WARN_BOOL_CONVERSION = YES;
				CLANG_WARN_COMMA = YES;
				CLANG_WARN_CONSTANT_CONVERSION = YES;
				CLANG_WARN_DEPRECATED_OBJC_IMPLEMENTATIONS = YES;
				CLANG_WARN_DIRECT_OBJC_ISA_USAGE = YES_ERROR;
				CLANG_WARN_DOCUMENTATION_COMMENTS = YES;
				CLANG_WARN_EMPTY_BODY = YES;
				CLANG_WARN_ENUM_CONVERSION = YES;
				CLANG_WARN_INFINITE_RECURSION = YES;
				CLANG_WARN_INT_CONVERSION = YES;
				CLANG_WARN_NON_LITERAL_NULL_CONVERSION = YES;
				CLANG_WARN_OBJC_IMPLICIT_RETAIN_SELF = YES;
				CLANG_WARN_OBJC_LITERAL_CONVERSION = YES;
				CLANG_WARN_OBJC_ROOT_CLASS = YES_ERROR;
				CLANG_WARN_QUOTED_INCLUDE_IN_FRAMEWORK_HEADER = YES;
				CLANG_WARN_RANGE_LOOP_ANALYSIS = YES;
				CLANG_WARN_STRICT_PROTOTYPES = YES;
				CLANG_WARN_SUSPICIOUS_MOVE = YES;
				CLANG_WARN_UNGUARDED_AVAILABILITY = YES_AGGRESSIVE;
				CLANG_WARN_UNREACHABLE_CODE = YES;
				CLANG_WARN__DUPLICATE_METHOD_MATCH = YES;
				COPY_PHASE_STRIP = NO;
				DEBUG_INFORMATION_FORMAT = "dwarf-with-dsym";
				ENABLE_NS_ASSERTIONS = NO;
				ENABLE_STRICT_OBJC_MSGSEND = YES;
				GCC_C_LANGUAGE_STANDARD = gnu11;
				GCC_NO_COMMON_BLOCKS = YES;
				GCC_WARN_64_TO_32_BIT_CONVERSION = YES;
				GCC_WARN_ABOUT_RETURN_TYPE = YES_ERROR;
				GCC_WARN_UNDECLARED_SELECTOR = YES;
				GCC_WARN_UNINITIALIZED_AUTOS = YES_AGGRESSIVE;
				GCC_WARN_UNUSED_FUNCTION = YES;
				GCC_WARN_UNUSED_VARIABLE = YES;
				IPHONEOS_DEPLOYMENT_TARGET = 14.5;
				MTL_ENABLE_DEBUG_INFO = NO;
				MTL_FAST_MATH = YES;
				SDKROOT = iphoneos;
				SWIFT_COMPILATION_MODE = wholemodule;
				SWIFT_OPTIMIZATION_LEVEL = "-O";
				VALIDATE_PRODUCT = YES;
			};
			name = Release;
		};
		B927C4D3275AE60E0004C5E6 /* Debug */ = {
			isa = XCBuildConfiguration;
			buildSettings = {
				ASSETCATALOG_COMPILER_APPICON_NAME = AppIcon;
				ASSETCATALOG_COMPILER_GLOBAL_ACCENT_COLOR_NAME = AccentColor;
				CODE_SIGN_STYLE = Automatic;
				DEVELOPMENT_TEAM = 354432VS4P;
				INFOPLIST_FILE = Moviez/Info.plist;
				LD_RUNPATH_SEARCH_PATHS = (
					"$(inherited)",
					"@executable_path/Frameworks",
				);
				PRODUCT_BUNDLE_IDENTIFIER = com.htranngo.Moviez;
				PRODUCT_NAME = "$(TARGET_NAME)";
				SWIFT_VERSION = 5.0;
				TARGETED_DEVICE_FAMILY = "1,2";
			};
			name = Debug;
		};
		B927C4D4275AE60E0004C5E6 /* Release */ = {
			isa = XCBuildConfiguration;
			buildSettings = {
				ASSETCATALOG_COMPILER_APPICON_NAME = AppIcon;
				ASSETCATALOG_COMPILER_GLOBAL_ACCENT_COLOR_NAME = AccentColor;
				CODE_SIGN_STYLE = Automatic;
				DEVELOPMENT_TEAM = 354432VS4P;
				INFOPLIST_FILE = Moviez/Info.plist;
				LD_RUNPATH_SEARCH_PATHS = (
					"$(inherited)",
					"@executable_path/Frameworks",
				);
				PRODUCT_BUNDLE_IDENTIFIER = com.htranngo.Moviez;
				PRODUCT_NAME = "$(TARGET_NAME)";
				SWIFT_VERSION = 5.0;
				TARGETED_DEVICE_FAMILY = "1,2";
			};
			name = Release;
		};
/* End XCBuildConfiguration section */

/* Begin XCConfigurationList section */
		B927C4B6275AE60A0004C5E6 /* Build configuration list for PBXProject "Moviez" */ = {
			isa = XCConfigurationList;
			buildConfigurations = (
				B927C4D0275AE60D0004C5E6 /* Debug */,
				B927C4D1275AE60D0004C5E6 /* Release */,
			);
			defaultConfigurationIsVisible = 0;
			defaultConfigurationName = Release;
		};
		B927C4D2275AE60E0004C5E6 /* Build configuration list for PBXNativeTarget "Moviez" */ = {
			isa = XCConfigurationList;
			buildConfigurations = (
				B927C4D3275AE60E0004C5E6 /* Debug */,
				B927C4D4275AE60E0004C5E6 /* Release */,
			);
			defaultConfigurationIsVisible = 0;
			defaultConfigurationName = Release;
		};
/* End XCConfigurationList section */

/* Begin XCVersionGroup section */
		B927C4C7275AE60A0004C5E6 /* Moviez.xcdatamodeld */ = {
			isa = XCVersionGroup;
			children = (
				B927C4C8275AE60A0004C5E6 /* Moviez.xcdatamodel */,
			);
			currentVersion = B927C4C8275AE60A0004C5E6 /* Moviez.xcdatamodel */;
			path = Moviez.xcdatamodeld;
			sourceTree = "<group>";
			versionGroupType = wrapper.xcdatamodel;
		};
/* End XCVersionGroup section */
	};
	rootObject = B927C4B3275AE60A0004C5E6 /* Project object */;
}
